// !$*UTF8*$!
{
	archiveVersion = 1;
	classes = {
	};
	objectVersion = 56;
	objects = {

/* Begin PBXBuildFile section */
		26B739EC2B91AB6C008B39AB /* AppDelegate.swift in Sources */ = {isa = PBXBuildFile; fileRef = 26B739EB2B91AB6C008B39AB /* AppDelegate.swift */; };
		26B739EE2B91AB6C008B39AB /* SceneDelegate.swift in Sources */ = {isa = PBXBuildFile; fileRef = 26B739ED2B91AB6C008B39AB /* SceneDelegate.swift */; };
		26B739F02B91AB6C008B39AB /* ViewController.swift in Sources */ = {isa = PBXBuildFile; fileRef = 26B739EF2B91AB6C008B39AB /* ViewController.swift */; };
		26B739F32B91AB6C008B39AB /* Main.storyboard in Resources */ = {isa = PBXBuildFile; fileRef = 26B739F12B91AB6C008B39AB /* Main.storyboard */; };
		26B739F52B91AB6F008B39AB /* Assets.xcassets in Resources */ = {isa = PBXBuildFile; fileRef = 26B739F42B91AB6F008B39AB /* Assets.xcassets */; };
		26B739F82B91AB6F008B39AB /* LaunchScreen.storyboard in Resources */ = {isa = PBXBuildFile; fileRef = 26B739F62B91AB6F008B39AB /* LaunchScreen.storyboard */; };
		26B73A032B91AB70008B39AB /* TinkoffCalculatorTests.swift in Sources */ = {isa = PBXBuildFile; fileRef = 26B73A022B91AB70008B39AB /* TinkoffCalculatorTests.swift */; };
		26B73A0D2B91AB70008B39AB /* TinkoffCalculatorUITests.swift in Sources */ = {isa = PBXBuildFile; fileRef = 26B73A0C2B91AB70008B39AB /* TinkoffCalculatorUITests.swift */; };
		26B73A0F2B91AB70008B39AB /* TinkoffCalculatorUITestsLaunchTests.swift in Sources */ = {isa = PBXBuildFile; fileRef = 26B73A0E2B91AB70008B39AB /* TinkoffCalculatorUITestsLaunchTests.swift */; };
		26FE4C982BBDEEC500A8615F /* CalculationsListViewController.swift in Sources */ = {isa = PBXBuildFile; fileRef = 26FE4C972BBDEEC500A8615F /* CalculationsListViewController.swift */; };
		26FE4C992BBDEEC500A8615F /* CalculationsListViewController.swift in Sources */ = {isa = PBXBuildFile; fileRef = 26FE4C972BBDEEC500A8615F /* CalculationsListViewController.swift */; };
		26FE4C9A2BBDEEC500A8615F /* CalculationsListViewController.swift in Sources */ = {isa = PBXBuildFile; fileRef = 26FE4C972BBDEEC500A8615F /* CalculationsListViewController.swift */; };
/* End PBXBuildFile section */

/* Begin PBXContainerItemProxy section */
		26B739FF2B91AB70008B39AB /* PBXContainerItemProxy */ = {
			isa = PBXContainerItemProxy;
			containerPortal = 26B739E02B91AB6B008B39AB /* Project object */;
			proxyType = 1;
			remoteGlobalIDString = 26B739E72B91AB6B008B39AB;
			remoteInfo = TinkoffCalculator;
		};
		26B73A092B91AB70008B39AB /* PBXContainerItemProxy */ = {
			isa = PBXContainerItemProxy;
			containerPortal = 26B739E02B91AB6B008B39AB /* Project object */;
			proxyType = 1;
			remoteGlobalIDString = 26B739E72B91AB6B008B39AB;
			remoteInfo = TinkoffCalculator;
		};
/* End PBXContainerItemProxy section */

/* Begin PBXFileReference section */
		26B739E82B91AB6C008B39AB /* TinkoffCalculator.app */ = {isa = PBXFileReference; explicitFileType = wrapper.application; includeInIndex = 0; path = TinkoffCalculator.app; sourceTree = BUILT_PRODUCTS_DIR; };
		26B739EB2B91AB6C008B39AB /* AppDelegate.swift */ = {isa = PBXFileReference; lastKnownFileType = sourcecode.swift; path = AppDelegate.swift; sourceTree = "<group>"; };
		26B739ED2B91AB6C008B39AB /* SceneDelegate.swift */ = {isa = PBXFileReference; lastKnownFileType = sourcecode.swift; path = SceneDelegate.swift; sourceTree = "<group>"; };
		26B739EF2B91AB6C008B39AB /* ViewController.swift */ = {isa = PBXFileReference; lastKnownFileType = sourcecode.swift; path = ViewController.swift; sourceTree = "<group>"; };
		26B739F22B91AB6C008B39AB /* Base */ = {isa = PBXFileReference; lastKnownFileType = file.storyboard; name = Base; path = Base.lproj/Main.storyboard; sourceTree = "<group>"; };
		26B739F42B91AB6F008B39AB /* Assets.xcassets */ = {isa = PBXFileReference; lastKnownFileType = folder.assetcatalog; path = Assets.xcassets; sourceTree = "<group>"; };
		26B739F72B91AB6F008B39AB /* Base */ = {isa = PBXFileReference; lastKnownFileType = file.storyboard; name = Base; path = Base.lproj/LaunchScreen.storyboard; sourceTree = "<group>"; };
		26B739F92B91AB6F008B39AB /* Info.plist */ = {isa = PBXFileReference; lastKnownFileType = text.plist.xml; path = Info.plist; sourceTree = "<group>"; };
		26B739FE2B91AB70008B39AB /* TinkoffCalculatorTests.xctest */ = {isa = PBXFileReference; explicitFileType = wrapper.cfbundle; includeInIndex = 0; path = TinkoffCalculatorTests.xctest; sourceTree = BUILT_PRODUCTS_DIR; };
		26B73A022B91AB70008B39AB /* TinkoffCalculatorTests.swift */ = {isa = PBXFileReference; lastKnownFileType = sourcecode.swift; path = TinkoffCalculatorTests.swift; sourceTree = "<group>"; };
		26B73A082B91AB70008B39AB /* TinkoffCalculatorUITests.xctest */ = {isa = PBXFileReference; explicitFileType = wrapper.cfbundle; includeInIndex = 0; path = TinkoffCalculatorUITests.xctest; sourceTree = BUILT_PRODUCTS_DIR; };
		26B73A0C2B91AB70008B39AB /* TinkoffCalculatorUITests.swift */ = {isa = PBXFileReference; lastKnownFileType = sourcecode.swift; path = TinkoffCalculatorUITests.swift; sourceTree = "<group>"; };
		26B73A0E2B91AB70008B39AB /* TinkoffCalculatorUITestsLaunchTests.swift */ = {isa = PBXFileReference; lastKnownFileType = sourcecode.swift; path = TinkoffCalculatorUITestsLaunchTests.swift; sourceTree = "<group>"; };
		26FE4C972BBDEEC500A8615F /* CalculationsListViewController.swift */ = {isa = PBXFileReference; lastKnownFileType = sourcecode.swift; path = CalculationsListViewController.swift; sourceTree = "<group>"; };
/* End PBXFileReference section */

/* Begin PBXFrameworksBuildPhase section */
		26B739E52B91AB6B008B39AB /* Frameworks */ = {
			isa = PBXFrameworksBuildPhase;
			buildActionMask = 2147483647;
			files = (
			);
			runOnlyForDeploymentPostprocessing = 0;
		};
		26B739FB2B91AB70008B39AB /* Frameworks */ = {
			isa = PBXFrameworksBuildPhase;
			buildActionMask = 2147483647;
			files = (
			);
			runOnlyForDeploymentPostprocessing = 0;
		};
		26B73A052B91AB70008B39AB /* Frameworks */ = {
			isa = PBXFrameworksBuildPhase;
			buildActionMask = 2147483647;
			files = (
			);
			runOnlyForDeploymentPostprocessing = 0;
		};
/* End PBXFrameworksBuildPhase section */

/* Begin PBXGroup section */
		26B739DF2B91AB6B008B39AB = {
			isa = PBXGroup;
			children = (
				26B739EA2B91AB6C008B39AB /* TinkoffCalculator */,
				26B73A012B91AB70008B39AB /* TinkoffCalculatorTests */,
				26B73A0B2B91AB70008B39AB /* TinkoffCalculatorUITests */,
				26B739E92B91AB6C008B39AB /* Products */,
			);
			sourceTree = "<group>";
		};
		26B739E92B91AB6C008B39AB /* Products */ = {
			isa = PBXGroup;
			children = (
				26B739E82B91AB6C008B39AB /* TinkoffCalculator.app */,
				26B739FE2B91AB70008B39AB /* TinkoffCalculatorTests.xctest */,
				26B73A082B91AB70008B39AB /* TinkoffCalculatorUITests.xctest */,
			);
			name = Products;
			sourceTree = "<group>";
		};
		26B739EA2B91AB6C008B39AB /* TinkoffCalculator */ = {
			isa = PBXGroup;
			children = (
				26B739EB2B91AB6C008B39AB /* AppDelegate.swift */,
				26B739ED2B91AB6C008B39AB /* SceneDelegate.swift */,
				26B739EF2B91AB6C008B39AB /* ViewController.swift */,
				26B739F12B91AB6C008B39AB /* Main.storyboard */,
				26B739F42B91AB6F008B39AB /* Assets.xcassets */,
				26B739F62B91AB6F008B39AB /* LaunchScreen.storyboard */,
				26B739F92B91AB6F008B39AB /* Info.plist */,
				26FE4C972BBDEEC500A8615F /* CalculationsListViewController.swift */,
			);
			path = TinkoffCalculator;
			sourceTree = "<group>";
		};
		26B73A012B91AB70008B39AB /* TinkoffCalculatorTests */ = {
			isa = PBXGroup;
			children = (
				26B73A022B91AB70008B39AB /* TinkoffCalculatorTests.swift */,
			);
			path = TinkoffCalculatorTests;
			sourceTree = "<group>";
		};
		26B73A0B2B91AB70008B39AB /* TinkoffCalculatorUITests */ = {
			isa = PBXGroup;
			children = (
				26B73A0C2B91AB70008B39AB /* TinkoffCalculatorUITests.swift */,
				26B73A0E2B91AB70008B39AB /* TinkoffCalculatorUITestsLaunchTests.swift */,
			);
			path = TinkoffCalculatorUITests;
			sourceTree = "<group>";
		};
/* End PBXGroup section */

/* Begin PBXNativeTarget section */
		26B739E72B91AB6B008B39AB /* TinkoffCalculator */ = {
			isa = PBXNativeTarget;
			buildConfigurationList = 26B73A122B91AB70008B39AB /* Build configuration list for PBXNativeTarget "TinkoffCalculator" */;
			buildPhases = (
				26B739E42B91AB6B008B39AB /* Sources */,
				26B739E52B91AB6B008B39AB /* Frameworks */,
				26B739E62B91AB6B008B39AB /* Resources */,
			);
			buildRules = (
			);
			dependencies = (
			);
			name = TinkoffCalculator;
			productName = TinkoffCalculator;
			productReference = 26B739E82B91AB6C008B39AB /* TinkoffCalculator.app */;
			productType = "com.apple.product-type.application";
		};
		26B739FD2B91AB70008B39AB /* TinkoffCalculatorTests */ = {
			isa = PBXNativeTarget;
			buildConfigurationList = 26B73A152B91AB70008B39AB /* Build configuration list for PBXNativeTarget "TinkoffCalculatorTests" */;
			buildPhases = (
				26B739FA2B91AB70008B39AB /* Sources */,
				26B739FB2B91AB70008B39AB /* Frameworks */,
				26B739FC2B91AB70008B39AB /* Resources */,
			);
			buildRules = (
			);
			dependencies = (
				26B73A002B91AB70008B39AB /* PBXTargetDependency */,
			);
			name = TinkoffCalculatorTests;
			productName = TinkoffCalculatorTests;
			productReference = 26B739FE2B91AB70008B39AB /* TinkoffCalculatorTests.xctest */;
			productType = "com.apple.product-type.bundle.unit-test";
		};
		26B73A072B91AB70008B39AB /* TinkoffCalculatorUITests */ = {
			isa = PBXNativeTarget;
			buildConfigurationList = 26B73A182B91AB70008B39AB /* Build configuration list for PBXNativeTarget "TinkoffCalculatorUITests" */;
			buildPhases = (
				26B73A042B91AB70008B39AB /* Sources */,
				26B73A052B91AB70008B39AB /* Frameworks */,
				26B73A062B91AB70008B39AB /* Resources */,
			);
			buildRules = (
			);
			dependencies = (
				26B73A0A2B91AB70008B39AB /* PBXTargetDependency */,
			);
			name = TinkoffCalculatorUITests;
			productName = TinkoffCalculatorUITests;
			productReference = 26B73A082B91AB70008B39AB /* TinkoffCalculatorUITests.xctest */;
			productType = "com.apple.product-type.bundle.ui-testing";
		};
/* End PBXNativeTarget section */

/* Begin PBXProject section */
		26B739E02B91AB6B008B39AB /* Project object */ = {
			isa = PBXProject;
			attributes = {
				BuildIndependentTargetsInParallel = 1;
				LastSwiftUpdateCheck = 1430;
				LastUpgradeCheck = 1430;
				TargetAttributes = {
					26B739E72B91AB6B008B39AB = {
						CreatedOnToolsVersion = 14.3;
					};
					26B739FD2B91AB70008B39AB = {
						CreatedOnToolsVersion = 14.3;
						TestTargetID = 26B739E72B91AB6B008B39AB;
					};
					26B73A072B91AB70008B39AB = {
						CreatedOnToolsVersion = 14.3;
						TestTargetID = 26B739E72B91AB6B008B39AB;
					};
				};
			};
			buildConfigurationList = 26B739E32B91AB6B008B39AB /* Build configuration list for PBXProject "TinkoffCalculator" */;
			compatibilityVersion = "Xcode 14.0";
			developmentRegion = en;
			hasScannedForEncodings = 0;
			knownRegions = (
				en,
				Base,
			);
			mainGroup = 26B739DF2B91AB6B008B39AB;
			productRefGroup = 26B739E92B91AB6C008B39AB /* Products */;
			projectDirPath = "";
			projectRoot = "";
			targets = (
				26B739E72B91AB6B008B39AB /* TinkoffCalculator */,
				26B739FD2B91AB70008B39AB /* TinkoffCalculatorTests */,
				26B73A072B91AB70008B39AB /* TinkoffCalculatorUITests */,
			);
		};
/* End PBXProject section */

/* Begin PBXResourcesBuildPhase section */
		26B739E62B91AB6B008B39AB /* Resources */ = {
			isa = PBXResourcesBuildPhase;
			buildActionMask = 2147483647;
			files = (
				26B739F82B91AB6F008B39AB /* LaunchScreen.storyboard in Resources */,
				26B739F52B91AB6F008B39AB /* Assets.xcassets in Resources */,
				26B739F32B91AB6C008B39AB /* Main.storyboard in Resources */,
			);
			runOnlyForDeploymentPostprocessing = 0;
		};
		26B739FC2B91AB70008B39AB /* Resources */ = {
			isa = PBXResourcesBuildPhase;
			buildActionMask = 2147483647;
			files = (
			);
			runOnlyForDeploymentPostprocessing = 0;
		};
		26B73A062B91AB70008B39AB /* Resources */ = {
			isa = PBXResourcesBuildPhase;
			buildActionMask = 2147483647;
			files = (
			);
			runOnlyForDeploymentPostprocessing = 0;
		};
/* End PBXResourcesBuildPhase section */

/* Begin PBXSourcesBuildPhase section */
		26B739E42B91AB6B008B39AB /* Sources */ = {
			isa = PBXSourcesBuildPhase;
			buildActionMask = 2147483647;
			files = (
				26FE4C982BBDEEC500A8615F /* CalculationsListViewController.swift in Sources */,
				26B739F02B91AB6C008B39AB /* ViewController.swift in Sources */,
				26B739EC2B91AB6C008B39AB /* AppDelegate.swift in Sources */,
				26B739EE2B91AB6C008B39AB /* SceneDelegate.swift in Sources */,
			);
			runOnlyForDeploymentPostprocessing = 0;
		};
		26B739FA2B91AB70008B39AB /* Sources */ = {
			isa = PBXSourcesBuildPhase;
			buildActionMask = 2147483647;
			files = (
				26FE4C992BBDEEC500A8615F /* CalculationsListViewController.swift in Sources */,
				26B73A032B91AB70008B39AB /* TinkoffCalculatorTests.swift in Sources */,
			);
			runOnlyForDeploymentPostprocessing = 0;
		};
		26B73A042B91AB70008B39AB /* Sources */ = {
			isa = PBXSourcesBuildPhase;
			buildActionMask = 2147483647;
			files = (
				26FE4C9A2BBDEEC500A8615F /* CalculationsListViewController.swift in Sources */,
				26B73A0F2B91AB70008B39AB /* TinkoffCalculatorUITestsLaunchTests.swift in Sources */,
				26B73A0D2B91AB70008B39AB /* TinkoffCalculatorUITests.swift in Sources */,
			);
			runOnlyForDeploymentPostprocessing = 0;
		};
/* End PBXSourcesBuildPhase section */

/* Begin PBXTargetDependency section */
		26B73A002B91AB70008B39AB /* PBXTargetDependency */ = {
			isa = PBXTargetDependency;
			target = 26B739E72B91AB6B008B39AB /* TinkoffCalculator */;
			targetProxy = 26B739FF2B91AB70008B39AB /* PBXContainerItemProxy */;
		};
		26B73A0A2B91AB70008B39AB /* PBXTargetDependency */ = {
			isa = PBXTargetDependency;
			target = 26B739E72B91AB6B008B39AB /* TinkoffCalculator */;
			targetProxy = 26B73A092B91AB70008B39AB /* PBXContainerItemProxy */;
		};
/* End PBXTargetDependency section */

/* Begin PBXVariantGroup section */
		26B739F12B91AB6C008B39AB /* Main.storyboard */ = {
			isa = PBXVariantGroup;
			children = (
				26B739F22B91AB6C008B39AB /* Base */,
			);
			name = Main.storyboard;
			sourceTree = "<group>";
		};
		26B739F62B91AB6F008B39AB /* LaunchScreen.storyboard */ = {
			isa = PBXVariantGroup;
			children = (
				26B739F72B91AB6F008B39AB /* Base */,
			);
			name = LaunchScreen.storyboard;
			sourceTree = "<group>";
		};
/* End PBXVariantGroup section */

/* Begin XCBuildConfiguration section */
		26B73A102B91AB70008B39AB /* Debug */ = {
			isa = XCBuildConfiguration;
			buildSettings = {
				ALWAYS_SEARCH_USER_PATHS = NO;
				CLANG_ANALYZER_NONNULL = YES;
				CLANG_ANALYZER_NUMBER_OBJECT_CONVERSION = YES_AGGRESSIVE;
				CLANG_CXX_LANGUAGE_STANDARD = "gnu++20";
				CLANG_ENABLE_MODULES = YES;
				CLANG_ENABLE_OBJC_ARC = YES;
				CLANG_ENABLE_OBJC_WEAK = YES;
				CLANG_WARN_BLOCK_CAPTURE_AUTORELEASING = YES;
				CLANG_WARN_BOOL_CONVERSION = YES;
				CLANG_WARN_COMMA = YES;
				CLANG_WARN_CONSTANT_CONVERSION = YES;
				CLANG_WARN_DEPRECATED_OBJC_IMPLEMENTATIONS = YES;
				CLANG_WARN_DIRECT_OBJC_ISA_USAGE = YES_ERROR;
				CLANG_WARN_DOCUMENTATION_COMMENTS = YES;
				CLANG_WARN_EMPTY_BODY = YES;
				CLANG_WARN_ENUM_CONVERSION = YES;
				CLANG_WARN_INFINITE_RECURSION = YES;
				CLANG_WARN_INT_CONVERSION = YES;
				CLANG_WARN_NON_LITERAL_NULL_CONVERSION = YES;
				CLANG_WARN_OBJC_IMPLICIT_RETAIN_SELF = YES;
				CLANG_WARN_OBJC_LITERAL_CONVERSION = YES;
				CLANG_WARN_OBJC_ROOT_CLASS = YES_ERROR;
				CLANG_WARN_QUOTED_INCLUDE_IN_FRAMEWORK_HEADER = YES;
				CLANG_WARN_RANGE_LOOP_ANALYSIS = YES;
				CLANG_WARN_STRICT_PROTOTYPES = YES;
				CLANG_WARN_SUSPICIOUS_MOVE = YES;
				CLANG_WARN_UNGUARDED_AVAILABILITY = YES_AGGRESSIVE;
				CLANG_WARN_UNREACHABLE_CODE = YES;
				CLANG_WARN__DUPLICATE_METHOD_MATCH = YES;
				COPY_PHASE_STRIP = NO;
				DEBUG_INFORMATION_FORMAT = dwarf;
				ENABLE_STRICT_OBJC_MSGSEND = YES;
				ENABLE_TESTABILITY = YES;
				GCC_C_LANGUAGE_STANDARD = gnu11;
				GCC_DYNAMIC_NO_PIC = NO;
				GCC_NO_COMMON_BLOCKS = YES;
				GCC_OPTIMIZATION_LEVEL = 0;
				GCC_PREPROCESSOR_DEFINITIONS = (
					"DEBUG=1",
					"$(inherited)",
				);
				GCC_WARN_64_TO_32_BIT_CONVERSION = YES;
				GCC_WARN_ABOUT_RETURN_TYPE = YES_ERROR;
				GCC_WARN_UNDECLARED_SELECTOR = YES;
				GCC_WARN_UNINITIALIZED_AUTOS = YES_AGGRESSIVE;
				GCC_WARN_UNUSED_FUNCTION = YES;
				GCC_WARN_UNUSED_VARIABLE = YES;
				IPHONEOS_DEPLOYMENT_TARGET = 16.4;
				MTL_ENABLE_DEBUG_INFO = INCLUDE_SOURCE;
				MTL_FAST_MATH = YES;
				ONLY_ACTIVE_ARCH = YES;
				SDKROOT = iphoneos;
				SWIFT_ACTIVE_COMPILATION_CONDITIONS = DEBUG;
				SWIFT_OPTIMIZATION_LEVEL = "-Onone";
			};
			name = Debug;
		};
		26B73A112B91AB70008B39AB /* Release */ = {
			isa = XCBuildConfiguration;
			buildSettings = {
				ALWAYS_SEARCH_USER_PATHS = NO;
				CLANG_ANALYZER_NONNULL = YES;
				CLANG_ANALYZER_NUMBER_OBJECT_CONVERSION = YES_AGGRESSIVE;
				CLANG_CXX_LANGUAGE_STANDARD = "gnu++20";
				CLANG_ENABLE_MODULES = YES;
				CLANG_ENABLE_OBJC_ARC = YES;
				CLANG_ENABLE_OBJC_WEAK = YES;
				CLANG_WARN_BLOCK_CAPTURE_AUTORELEASING = YES;
				CLANG_WARN_BOOL_CONVERSION = YES;
				CLANG_WARN_COMMA = YES;
				CLANG_WARN_CONSTANT_CONVERSION = YES;
				CLANG_WARN_DEPRECATED_OBJC_IMPLEMENTATIONS = YES;
				CLANG_WARN_DIRECT_OBJC_ISA_USAGE = YES_ERROR;
				CLANG_WARN_DOCUMENTATION_COMMENTS = YES;
				CLANG_WARN_EMPTY_BODY = YES;
				CLANG_WARN_ENUM_CONVERSION = YES;
				CLANG_WARN_INFINITE_RECURSION = YES;
				CLANG_WARN_INT_CONVERSION = YES;
				CLANG_WARN_NON_LITERAL_NULL_CONVERSION = YES;
				CLANG_WARN_OBJC_IMPLICIT_RETAIN_SELF = YES;
				CLANG_WARN_OBJC_LITERAL_CONVERSION = YES;
				CLANG_WARN_OBJC_ROOT_CLASS = YES_ERROR;
				CLANG_WARN_QUOTED_INCLUDE_IN_FRAMEWORK_HEADER = YES;
				CLANG_WARN_RANGE_LOOP_ANALYSIS = YES;
				CLANG_WARN_STRICT_PROTOTYPES = YES;
				CLANG_WARN_SUSPICIOUS_MOVE = YES;
				CLANG_WARN_UNGUARDED_AVAILABILITY = YES_AGGRESSIVE;
				CLANG_WARN_UNREACHABLE_CODE = YES;
				CLANG_WARN__DUPLICATE_METHOD_MATCH = YES;
				COPY_PHASE_STRIP = NO;
				DEBUG_INFORMATION_FORMAT = "dwarf-with-dsym";
				ENABLE_NS_ASSERTIONS = NO;
				ENABLE_STRICT_OBJC_MSGSEND = YES;
				GCC_C_LANGUAGE_STANDARD = gnu11;
				GCC_NO_COMMON_BLOCKS = YES;
				GCC_WARN_64_TO_32_BIT_CONVERSION = YES;
				GCC_WARN_ABOUT_RETURN_TYPE = YES_ERROR;
				GCC_WARN_UNDECLARED_SELECTOR = YES;
				GCC_WARN_UNINITIALIZED_AUTOS = YES_AGGRESSIVE;
				GCC_WARN_UNUSED_FUNCTION = YES;
				GCC_WARN_UNUSED_VARIABLE = YES;
				IPHONEOS_DEPLOYMENT_TARGET = 16.4;
				MTL_ENABLE_DEBUG_INFO = NO;
				MTL_FAST_MATH = YES;
				SDKROOT = iphoneos;
				SWIFT_COMPILATION_MODE = wholemodule;
				SWIFT_OPTIMIZATION_LEVEL = "-O";
				VALIDATE_PRODUCT = YES;
			};
			name = Release;
		};
		26B73A132B91AB70008B39AB /* Debug */ = {
			isa = XCBuildConfiguration;
			buildSettings = {
				ASSETCATALOG_COMPILER_APPICON_NAME = AppIcon;
				ASSETCATALOG_COMPILER_GLOBAL_ACCENT_COLOR_NAME = AccentColor;
				CODE_SIGN_STYLE = Automatic;
				CURRENT_PROJECT_VERSION = 1;
				DEVELOPMENT_TEAM = B6Q374WVVF;
				GENERATE_INFOPLIST_FILE = YES;
				INFOPLIST_FILE = TinkoffCalculator/Info.plist;
				INFOPLIST_KEY_UIApplicationSupportsIndirectInputEvents = YES;
				INFOPLIST_KEY_UILaunchStoryboardName = LaunchScreen;
				INFOPLIST_KEY_UIMainStoryboardFile = Main;
				INFOPLIST_KEY_UISupportedInterfaceOrientations_iPad = "UIInterfaceOrientationPortrait UIInterfaceOrientationPortraitUpsideDown UIInterfaceOrientationLandscapeLeft UIInterfaceOrientationLandscapeRight";
				INFOPLIST_KEY_UISupportedInterfaceOrientations_iPhone = "UIInterfaceOrientationPortrait UIInterfaceOrientationLandscapeLeft UIInterfaceOrientationLandscapeRight";
				IPHONEOS_DEPLOYMENT_TARGET = 16.4;
				LD_RUNPATH_SEARCH_PATHS = (
					"$(inherited)",
					"@executable_path/Frameworks",
				);
				MARKETING_VERSION = 1.0;
				PRODUCT_BUNDLE_IDENTIFIER = com.galymzhanaitkaliyev.TinkoffCalculator;
				PRODUCT_NAME = "$(TARGET_NAME)";
				SWIFT_EMIT_LOC_STRINGS = YES;
				SWIFT_VERSION = 5.0;
				TARGETED_DEVICE_FAMILY = "1,2";
			};
			name = Debug;
		};
		26B73A142B91AB70008B39AB /* Release */ = {
			isa = XCBuildConfiguration;
			buildSettings = {
				ASSETCATALOG_COMPILER_APPICON_NAME = AppIcon;
				ASSETCATALOG_COMPILER_GLOBAL_ACCENT_COLOR_NAME = AccentColor;
				CODE_SIGN_STYLE = Automatic;
				CURRENT_PROJECT_VERSION = 1;
				DEVELOPMENT_TEAM = B6Q374WVVF;
				GENERATE_INFOPLIST_FILE = YES;
				INFOPLIST_FILE = TinkoffCalculator/Info.plist;
				INFOPLIST_KEY_UIApplicationSupportsIndirectInputEvents = YES;
				INFOPLIST_KEY_UILaunchStoryboardName = LaunchScreen;
				INFOPLIST_KEY_UIMainStoryboardFile = Main;
				INFOPLIST_KEY_UISupportedInterfaceOrientations_iPad = "UIInterfaceOrientationPortrait UIInterfaceOrientationPortraitUpsideDown UIInterfaceOrientationLandscapeLeft UIInterfaceOrientationLandscapeRight";
				INFOPLIST_KEY_UISupportedInterfaceOrientations_iPhone = "UIInterfaceOrientationPortrait UIInterfaceOrientationLandscapeLeft UIInterfaceOrientationLandscapeRight";
				IPHONEOS_DEPLOYMENT_TARGET = 16.4;
				LD_RUNPATH_SEARCH_PATHS = (
					"$(inherited)",
					"@executable_path/Frameworks",
				);
				MARKETING_VERSION = 1.0;
				PRODUCT_BUNDLE_IDENTIFIER = com.galymzhanaitkaliyev.TinkoffCalculator;
				PRODUCT_NAME = "$(TARGET_NAME)";
				SWIFT_EMIT_LOC_STRINGS = YES;
				SWIFT_VERSION = 5.0;
				TARGETED_DEVICE_FAMILY = "1,2";
			};
			name = Release;
		};
		26B73A162B91AB70008B39AB /* Debug */ = {
			isa = XCBuildConfiguration;
			buildSettings = {
				ALWAYS_EMBED_SWIFT_STANDARD_LIBRARIES = YES;
				BUNDLE_LOADER = "$(TEST_HOST)";
				CODE_SIGN_STYLE = Automatic;
				CURRENT_PROJECT_VERSION = 1;
				DEVELOPMENT_TEAM = B6Q374WVVF;
				GENERATE_INFOPLIST_FILE = YES;
				IPHONEOS_DEPLOYMENT_TARGET = 16.4;
				MARKETING_VERSION = 1.0;
				PRODUCT_BUNDLE_IDENTIFIER = com.galymzhanaitkaliyev.TinkoffCalculatorTests;
				PRODUCT_NAME = "$(TARGET_NAME)";
				SWIFT_EMIT_LOC_STRINGS = NO;
				SWIFT_VERSION = 5.0;
				TARGETED_DEVICE_FAMILY = "1,2";
				TEST_HOST = "$(BUILT_PRODUCTS_DIR)/TinkoffCalculator.app/$(BUNDLE_EXECUTABLE_FOLDER_PATH)/TinkoffCalculator";
			};
			name = Debug;
		};
		26B73A172B91AB70008B39AB /* Release */ = {
			isa = XCBuildConfiguration;
			buildSettings = {
				ALWAYS_EMBED_SWIFT_STANDARD_LIBRARIES = YES;
				BUNDLE_LOADER = "$(TEST_HOST)";
				CODE_SIGN_STYLE = Automatic;
				CURRENT_PROJECT_VERSION = 1;
				DEVELOPMENT_TEAM = B6Q374WVVF;
				GENERATE_INFOPLIST_FILE = YES;
				IPHONEOS_DEPLOYMENT_TARGET = 16.4;
				MARKETING_VERSION = 1.0;
				PRODUCT_BUNDLE_IDENTIFIER = com.galymzhanaitkaliyev.TinkoffCalculatorTests;
				PRODUCT_NAME = "$(TARGET_NAME)";
				SWIFT_EMIT_LOC_STRINGS = NO;
				SWIFT_VERSION = 5.0;
				TARGETED_DEVICE_FAMILY = "1,2";
				TEST_HOST = "$(BUILT_PRODUCTS_DIR)/TinkoffCalculator.app/$(BUNDLE_EXECUTABLE_FOLDER_PATH)/TinkoffCalculator";
			};
			name = Release;
		};
		26B73A192B91AB70008B39AB /* Debug */ = {
			isa = XCBuildConfiguration;
			buildSettings = {
				ALWAYS_EMBED_SWIFT_STANDARD_LIBRARIES = YES;
				CODE_SIGN_STYLE = Automatic;
				CURRENT_PROJECT_VERSION = 1;
				DEVELOPMENT_TEAM = B6Q374WVVF;
				GENERATE_INFOPLIST_FILE = YES;
				MARKETING_VERSION = 1.0;
				PRODUCT_BUNDLE_IDENTIFIER = com.galymzhanaitkaliyev.TinkoffCalculatorUITests;
				PRODUCT_NAME = "$(TARGET_NAME)";
				SWIFT_EMIT_LOC_STRINGS = NO;
				SWIFT_VERSION = 5.0;
				TARGETED_DEVICE_FAMILY = "1,2";
				TEST_TARGET_NAME = TinkoffCalculator;
			};
			name = Debug;
		};
		26B73A1A2B91AB70008B39AB /* Release */ = {
			isa = XCBuildConfiguration;
			buildSettings = {
				ALWAYS_EMBED_SWIFT_STANDARD_LIBRARIES = YES;
				CODE_SIGN_STYLE = Automatic;
				CURRENT_PROJECT_VERSION = 1;
				DEVELOPMENT_TEAM = B6Q374WVVF;
				GENERATE_INFOPLIST_FILE = YES;
				MARKETING_VERSION = 1.0;
				PRODUCT_BUNDLE_IDENTIFIER = com.galymzhanaitkaliyev.TinkoffCalculatorUITests;
				PRODUCT_NAME = "$(TARGET_NAME)";
				SWIFT_EMIT_LOC_STRINGS = NO;
				SWIFT_VERSION = 5.0;
				TARGETED_DEVICE_FAMILY = "1,2";
				TEST_TARGET_NAME = TinkoffCalculator;
			};
			name = Release;
		};
/* End XCBuildConfiguration section */

/* Begin XCConfigurationList section */
		26B739E32B91AB6B008B39AB /* Build configuration list for PBXProject "TinkoffCalculator" */ = {
			isa = XCConfigurationList;
			buildConfigurations = (
				26B73A102B91AB70008B39AB /* Debug */,
				26B73A112B91AB70008B39AB /* Release */,
			);
			defaultConfigurationIsVisible = 0;
			defaultConfigurationName = Release;
		};
		26B73A122B91AB70008B39AB /* Build configuration list for PBXNativeTarget "TinkoffCalculator" */ = {
			isa = XCConfigurationList;
			buildConfigurations = (
				26B73A132B91AB70008B39AB /* Debug */,
				26B73A142B91AB70008B39AB /* Release */,
			);
			defaultConfigurationIsVisible = 0;
			defaultConfigurationName = Release;
		};
		26B73A152B91AB70008B39AB /* Build configuration list for PBXNativeTarget "TinkoffCalculatorTests" */ = {
			isa = XCConfigurationList;
			buildConfigurations = (
				26B73A162B91AB70008B39AB /* Debug */,
				26B73A172B91AB70008B39AB /* Release */,
			);
			defaultConfigurationIsVisible = 0;
			defaultConfigurationName = Release;
		};
		26B73A182B91AB70008B39AB /* Build configuration list for PBXNativeTarget "TinkoffCalculatorUITests" */ = {
			isa = XCConfigurationList;
			buildConfigurations = (
				26B73A192B91AB70008B39AB /* Debug */,
				26B73A1A2B91AB70008B39AB /* Release */,
			);
			defaultConfigurationIsVisible = 0;
			defaultConfigurationName = Release;
		};
/* End XCConfigurationList section */
	};
	rootObject = 26B739E02B91AB6B008B39AB /* Project object */;
}
